
Microsoft Visual Studio Solution File, Format Version 12.00
# Visual Studio Version 17
VisualStudioVersion = 17.5.002.0
MinimumVisualStudioVersion = 10.0.40219.1
Project("{9A19103F-16F7-4668-BE54-9A1E7A4F7556}") = "MyFirstApp", "MyFirstApp.csproj", "{8136780E-8EE8-4C64-B8C7-0FFCA3A26F8F}"
EndProject
Global
	GlobalSection(SolutionConfigurationPlatforms) = preSolution
		Debug|Any CPU = Debug|Any CPU
		Release|Any CPU = Release|Any CPU
	EndGlobalSection
	GlobalSection(ProjectConfigurationPlatforms) = postSolution
		{8136780E-8EE8-4C64-B8C7-0FFCA3A26F8F}.Debug|Any CPU.ActiveCfg = Debug|Any CPU
		{8136780E-8EE8-4C64-B8C7-0FFCA3A26F8F}.Debug|Any CPU.Build.0 = Debug|Any CPU
		{8136780E-8EE8-4C64-B8C7-0FFCA3A26F8F}.Release|Any CPU.ActiveCfg = Release|Any CPU
		{8136780E-8EE8-4C64-B8C7-0FFCA3A26F8F}.Release|Any CPU.Build.0 = Release|Any CPU
	EndGlobalSection
	GlobalSection(SolutionProperties) = preSolution
		HideSolutionNode = FALSE
	EndGlobalSection
	GlobalSection(ExtensibilityGlobals) = postSolution
		SolutionGuid = {3339A546-8C17-428B-8B3C-92BD75132D33}
	EndGlobalSection
EndGlobal
